
Microsoft Visual Studio Solution File, Format Version 12.00
# Visual Studio 15
VisualStudioVersion = 15.0.27428.1
MinimumVisualStudioVersion = 10.0.40219.1
Project("{FAE04EC0-301F-11D3-BF4B-00C04F79EFBC}") = "CottonFields.Domain", "CottonFields.Domain\CottonFields.Domain.csproj", "{CF0B7F16-85BF-424D-B9AF-F8075D67EC73}"
EndProject
Project("{FAE04EC0-301F-11D3-BF4B-00C04F79EFBC}") = "CottonFields.Data", "CottonFields.Data\CottonFields.Data.csproj", "{CEFA5D94-A312-49EB-A08C-1E3333350F2E}"
EndProject
Project("{FAE04EC0-301F-11D3-BF4B-00C04F79EFBC}") = "UI", "UI\UI.csproj", "{54D74DD8-224B-410B-A512-AA518E27B159}"
EndProject
Global
	GlobalSection(SolutionConfigurationPlatforms) = preSolution
		Debug|Any CPU = Debug|Any CPU
		Release|Any CPU = Release|Any CPU
	EndGlobalSection
	GlobalSection(ProjectConfigurationPlatforms) = postSolution
		{CF0B7F16-85BF-424D-B9AF-F8075D67EC73}.Debug|Any CPU.ActiveCfg = Debug|Any CPU
		{CF0B7F16-85BF-424D-B9AF-F8075D67EC73}.Debug|Any CPU.Build.0 = Debug|Any CPU
		{CF0B7F16-85BF-424D-B9AF-F8075D67EC73}.Release|Any CPU.ActiveCfg = Release|Any CPU
		{CF0B7F16-85BF-424D-B9AF-F8075D67EC73}.Release|Any CPU.Build.0 = Release|Any CPU
		{CEFA5D94-A312-49EB-A08C-1E3333350F2E}.Debug|Any CPU.ActiveCfg = Debug|Any CPU
		{CEFA5D94-A312-49EB-A08C-1E3333350F2E}.Debug|Any CPU.Build.0 = Debug|Any CPU
		{CEFA5D94-A312-49EB-A08C-1E3333350F2E}.Release|Any CPU.ActiveCfg = Release|Any CPU
		{CEFA5D94-A312-49EB-A08C-1E3333350F2E}.Release|Any CPU.Build.0 = Release|Any CPU
		{54D74DD8-224B-410B-A512-AA518E27B159}.Debug|Any CPU.ActiveCfg = Debug|Any CPU
		{54D74DD8-224B-410B-A512-AA518E27B159}.Debug|Any CPU.Build.0 = Debug|Any CPU
		{54D74DD8-224B-410B-A512-AA518E27B159}.Release|Any CPU.ActiveCfg = Release|Any CPU
		{54D74DD8-224B-410B-A512-AA518E27B159}.Release|Any CPU.Build.0 = Release|Any CPU
	EndGlobalSection
	GlobalSection(SolutionProperties) = preSolution
		HideSolutionNode = FALSE
	EndGlobalSection
	GlobalSection(ExtensibilityGlobals) = postSolution
		SolutionGuid = {6DA10CC6-1BC0-46DB-BE16-155BFB636E90}
	EndGlobalSection
EndGlobal
